// !$*UTF8*$!
{
	archiveVersion = 1;
	classes = {
	};
	objectVersion = 48;
	objects = {

/* Begin PBXBuildFile section */
		27D33AF32080565D0035E835 /* AppDelegate.m in Sources */ = {isa = PBXBuildFile; fileRef = 27D33AF22080565D0035E835 /* AppDelegate.m */; };
		27D33AF62080565D0035E835 /* ViewController.m in Sources */ = {isa = PBXBuildFile; fileRef = 27D33AF52080565D0035E835 /* ViewController.m */; };
		27D33AF92080565D0035E835 /* Main.storyboard in Resources */ = {isa = PBXBuildFile; fileRef = 27D33AF72080565D0035E835 /* Main.storyboard */; };
		27D33AFB2080565D0035E835 /* Assets.xcassets in Resources */ = {isa = PBXBuildFile; fileRef = 27D33AFA2080565D0035E835 /* Assets.xcassets */; };
		27D33AFE2080565D0035E835 /* LaunchScreen.storyboard in Resources */ = {isa = PBXBuildFile; fileRef = 27D33AFC2080565D0035E835 /* LaunchScreen.storyboard */; };
		27D33B012080565D0035E835 /* main.m in Sources */ = {isa = PBXBuildFile; fileRef = 27D33B002080565D0035E835 /* main.m */; };
		27D33B0A2080566B0035E835 /* FCLoopBanner.m in Sources */ = {isa = PBXBuildFile; fileRef = 27D33B092080566B0035E835 /* FCLoopBanner.m */; };
		27D33B0E208056840035E835 /* FCCarouselView.m in Sources */ = {isa = PBXBuildFile; fileRef = 27D33B0D208056840035E835 /* FCCarouselView.m */; };
		822E888E7685F8122862D4C1 /* libPods-FCLoopBanner.a in Frameworks */ = {isa = PBXBuildFile; fileRef = 20D83621FAB37D8A08AD0898 /* libPods-FCLoopBanner.a */; };
/* End PBXBuildFile section */

/* Begin PBXFileReference section */
		20D83621FAB37D8A08AD0898 /* libPods-FCLoopBanner.a */ = {isa = PBXFileReference; explicitFileType = archive.ar; includeInIndex = 0; path = "libPods-FCLoopBanner.a"; sourceTree = BUILT_PRODUCTS_DIR; };
		27D33AEE2080565D0035E835 /* FCLoopBanner.app */ = {isa = PBXFileReference; explicitFileType = wrapper.application; includeInIndex = 0; path = FCLoopBanner.app; sourceTree = BUILT_PRODUCTS_DIR; };
		27D33AF12080565D0035E835 /* AppDelegate.h */ = {isa = PBXFileReference; lastKnownFileType = sourcecode.c.h; path = AppDelegate.h; sourceTree = "<group>"; };
		27D33AF22080565D0035E835 /* AppDelegate.m */ = {isa = PBXFileReference; lastKnownFileType = sourcecode.c.objc; path = AppDelegate.m; sourceTree = "<group>"; };
		27D33AF42080565D0035E835 /* ViewController.h */ = {isa = PBXFileReference; lastKnownFileType = sourcecode.c.h; path = ViewController.h; sourceTree = "<group>"; };
		27D33AF52080565D0035E835 /* ViewController.m */ = {isa = PBXFileReference; lastKnownFileType = sourcecode.c.objc; path = ViewController.m; sourceTree = "<group>"; };
		27D33AF82080565D0035E835 /* Base */ = {isa = PBXFileReference; lastKnownFileType = file.storyboard; name = Base; path = Base.lproj/Main.storyboard; sourceTree = "<group>"; };
		27D33AFA2080565D0035E835 /* Assets.xcassets */ = {isa = PBXFileReference; lastKnownFileType = folder.assetcatalog; path = Assets.xcassets; sourceTree = "<group>"; };
		27D33AFD2080565D0035E835 /* Base */ = {isa = PBXFileReference; lastKnownFileType = file.storyboard; name = Base; path = Base.lproj/LaunchScreen.storyboard; sourceTree = "<group>"; };
		27D33AFF2080565D0035E835 /* Info.plist */ = {isa = PBXFileReference; lastKnownFileType = text.plist.xml; path = Info.plist; sourceTree = "<group>"; };
		27D33B002080565D0035E835 /* main.m */ = {isa = PBXFileReference; lastKnownFileType = sourcecode.c.objc; path = main.m; sourceTree = "<group>"; };
		27D33B082080566B0035E835 /* FCLoopBanner.h */ = {isa = PBXFileReference; fileEncoding = 4; lastKnownFileType = sourcecode.c.h; path = FCLoopBanner.h; sourceTree = "<group>"; };
		27D33B092080566B0035E835 /* FCLoopBanner.m */ = {isa = PBXFileReference; fileEncoding = 4; lastKnownFileType = sourcecode.c.objc; path = FCLoopBanner.m; sourceTree = "<group>"; };
		27D33B0C208056840035E835 /* FCCarouselView.h */ = {isa = PBXFileReference; fileEncoding = 4; lastKnownFileType = sourcecode.c.h; path = FCCarouselView.h; sourceTree = "<group>"; };
		27D33B0D208056840035E835 /* FCCarouselView.m */ = {isa = PBXFileReference; fileEncoding = 4; lastKnownFileType = sourcecode.c.objc; path = FCCarouselView.m; sourceTree = "<group>"; };
		3473894366F926576EE31FC9 /* Pods-FCLoopBanner.release.xcconfig */ = {isa = PBXFileReference; includeInIndex = 1; lastKnownFileType = text.xcconfig; name = "Pods-FCLoopBanner.release.xcconfig"; path = "Pods/Target Support Files/Pods-FCLoopBanner/Pods-FCLoopBanner.release.xcconfig"; sourceTree = "<group>"; };
		CA38BE37FDE516AC50D99209 /* Pods-FCLoopBanner.debug.xcconfig */ = {isa = PBXFileReference; includeInIndex = 1; lastKnownFileType = text.xcconfig; name = "Pods-FCLoopBanner.debug.xcconfig"; path = "Pods/Target Support Files/Pods-FCLoopBanner/Pods-FCLoopBanner.debug.xcconfig"; sourceTree = "<group>"; };
/* End PBXFileReference section */

/* Begin PBXFrameworksBuildPhase section */
		27D33AEB2080565D0035E835 /* Frameworks */ = {
			isa = PBXFrameworksBuildPhase;
			buildActionMask = 2147483647;
			files = (
				822E888E7685F8122862D4C1 /* libPods-FCLoopBanner.a in Frameworks */,
			);
			runOnlyForDeploymentPostprocessing = 0;
		};
/* End PBXFrameworksBuildPhase section */

/* Begin PBXGroup section */
		27D33AE52080565D0035E835 = {
			isa = PBXGroup;
			children = (
				27D33AF02080565D0035E835 /* FCLoopBanner */,
				27D33AEF2080565D0035E835 /* Products */,
				7BB736C6C877A2A86925BF2F /* Pods */,
				6FEC3D77E504F474C776F546 /* Frameworks */,
			);
			sourceTree = "<group>";
		};
		27D33AEF2080565D0035E835 /* Products */ = {
			isa = PBXGroup;
			children = (
				27D33AEE2080565D0035E835 /* FCLoopBanner.app */,
			);
			name = Products;
			sourceTree = "<group>";
		};
		27D33AF02080565D0035E835 /* FCLoopBanner */ = {
			isa = PBXGroup;
			children = (
				27D33AF12080565D0035E835 /* AppDelegate.h */,
				27D33AF22080565D0035E835 /* AppDelegate.m */,
				27D33AF42080565D0035E835 /* ViewController.h */,
				27D33AF52080565D0035E835 /* ViewController.m */,
				27D33B0B208056840035E835 /* FCCarousel */,
				27D33B072080566B0035E835 /* FCLoopBanner */,
				27D33AF72080565D0035E835 /* Main.storyboard */,
				27D33AFA2080565D0035E835 /* Assets.xcassets */,
				27D33AFC2080565D0035E835 /* LaunchScreen.storyboard */,
				27D33AFF2080565D0035E835 /* Info.plist */,
				27D33B002080565D0035E835 /* main.m */,
			);
			path = FCLoopBanner;
			sourceTree = "<group>";
		};
		27D33B072080566B0035E835 /* FCLoopBanner */ = {
			isa = PBXGroup;
			children = (
				27D33B082080566B0035E835 /* FCLoopBanner.h */,
				27D33B092080566B0035E835 /* FCLoopBanner.m */,
			);
			path = FCLoopBanner;
			sourceTree = "<group>";
		};
		27D33B0B208056840035E835 /* FCCarousel */ = {
			isa = PBXGroup;
			children = (
				27D33B0C208056840035E835 /* FCCarouselView.h */,
				27D33B0D208056840035E835 /* FCCarouselView.m */,
			);
			path = FCCarousel;
			sourceTree = "<group>";
		};
		6FEC3D77E504F474C776F546 /* Frameworks */ = {
			isa = PBXGroup;
			children = (
				20D83621FAB37D8A08AD0898 /* libPods-FCLoopBanner.a */,
			);
			name = Frameworks;
			sourceTree = "<group>";
		};
		7BB736C6C877A2A86925BF2F /* Pods */ = {
			isa = PBXGroup;
			children = (
				CA38BE37FDE516AC50D99209 /* Pods-FCLoopBanner.debug.xcconfig */,
				3473894366F926576EE31FC9 /* Pods-FCLoopBanner.release.xcconfig */,
			);
			name = Pods;
			sourceTree = "<group>";
		};
/* End PBXGroup section */

/* Begin PBXNativeTarget section */
		27D33AED2080565D0035E835 /* FCLoopBanner */ = {
			isa = PBXNativeTarget;
			buildConfigurationList = 27D33B042080565D0035E835 /* Build configuration list for PBXNativeTarget "FCLoopBanner" */;
			buildPhases = (
				6721841E10F9C27D57EA099C /* [CP] Check Pods Manifest.lock */,
				27D33AEA2080565D0035E835 /* Sources */,
				27D33AEB2080565D0035E835 /* Frameworks */,
				27D33AEC2080565D0035E835 /* Resources */,
				E2A4C8F835E35A13CD189EE0 /* [CP] Embed Pods Frameworks */,
				5902B6694C1C239F5B2BDF2C /* [CP] Copy Pods Resources */,
			);
			buildRules = (
			);
			dependencies = (
			);
			name = FCLoopBanner;
			productName = FCLoopBanner;
			productReference = 27D33AEE2080565D0035E835 /* FCLoopBanner.app */;
			productType = "com.apple.product-type.application";
		};
/* End PBXNativeTarget section */

/* Begin PBXProject section */
		27D33AE62080565D0035E835 /* Project object */ = {
			isa = PBXProject;
			attributes = {
				LastUpgradeCheck = 0920;
				ORGANIZATIONNAME = xiaofei;
				TargetAttributes = {
					27D33AED2080565D0035E835 = {
						CreatedOnToolsVersion = 9.2;
						ProvisioningStyle = Automatic;
					};
				};
			};
			buildConfigurationList = 27D33AE92080565D0035E835 /* Build configuration list for PBXProject "FCLoopBanner" */;
			compatibilityVersion = "Xcode 8.0";
			developmentRegion = en;
			hasScannedForEncodings = 0;
			knownRegions = (
				en,
				Base,
			);
			mainGroup = 27D33AE52080565D0035E835;
			productRefGroup = 27D33AEF2080565D0035E835 /* Products */;
			projectDirPath = "";
			projectRoot = "";
			targets = (
				27D33AED2080565D0035E835 /* FCLoopBanner */,
			);
		};
/* End PBXProject section */

/* Begin PBXResourcesBuildPhase section */
		27D33AEC2080565D0035E835 /* Resources */ = {
			isa = PBXResourcesBuildPhase;
			buildActionMask = 2147483647;
			files = (
				27D33AFE2080565D0035E835 /* LaunchScreen.storyboard in Resources */,
				27D33AFB2080565D0035E835 /* Assets.xcassets in Resources */,
				27D33AF92080565D0035E835 /* Main.storyboard in Resources */,
			);
			runOnlyForDeploymentPostprocessing = 0;
		};
/* End PBXResourcesBuildPhase section */

/* Begin PBXShellScriptBuildPhase section */
		5902B6694C1C239F5B2BDF2C /* [CP] Copy Pods Resources */ = {
			isa = PBXShellScriptBuildPhase;
			buildActionMask = 2147483647;
			files = (
			);
			inputPaths = (
			);
			name = "[CP] Copy Pods Resources";
			outputPaths = (
			);
			runOnlyForDeploymentPostprocessing = 0;
			shellPath = /bin/sh;
			shellScript = "\"${SRCROOT}/Pods/Target Support Files/Pods-FCLoopBanner/Pods-FCLoopBanner-resources.sh\"\n";
			showEnvVarsInLog = 0;
		};
		6721841E10F9C27D57EA099C /* [CP] Check Pods Manifest.lock */ = {
			isa = PBXShellScriptBuildPhase;
			buildActionMask = 2147483647;
			files = (
			);
			inputPaths = (
			);
			name = "[CP] Check Pods Manifest.lock";
			outputPaths = (
			);
			runOnlyForDeploymentPostprocessing = 0;
			shellPath = /bin/sh;
			shellScript = "diff \"${PODS_ROOT}/../Podfile.lock\" \"${PODS_ROOT}/Manifest.lock\" > /dev/null\nif [ $? != 0 ] ; then\n    # print error to STDERR\n    echo \"error: The sandbox is not in sync with the Podfile.lock. Run 'pod install' or update your CocoaPods installation.\" >&2\n    exit 1\nfi\n";
			showEnvVarsInLog = 0;
		};
		E2A4C8F835E35A13CD189EE0 /* [CP] Embed Pods Frameworks */ = {
			isa = PBXShellScriptBuildPhase;
			buildActionMask = 2147483647;
			files = (
			);
			inputPaths = (
			);
			name = "[CP] Embed Pods Frameworks";
			outputPaths = (
			);
			runOnlyForDeploymentPostprocessing = 0;
			shellPath = /bin/sh;
			shellScript = "\"${SRCROOT}/Pods/Target Support Files/Pods-FCLoopBanner/Pods-FCLoopBanner-frameworks.sh\"\n";
			showEnvVarsInLog = 0;
		};
/* End PBXShellScriptBuildPhase section */

/* Begin PBXSourcesBuildPhase section */
		27D33AEA2080565D0035E835 /* Sources */ = {
			isa = PBXSourcesBuildPhase;
			buildActionMask = 2147483647;
			files = (
				27D33B0E208056840035E835 /* FCCarouselView.m in Sources */,
				27D33AF62080565D0035E835 /* ViewController.m in Sources */,
				27D33B012080565D0035E835 /* main.m in Sources */,
				27D33B0A2080566B0035E835 /* FCLoopBanner.m in Sources */,
				27D33AF32080565D0035E835 /* AppDelegate.m in Sources */,
			);
			runOnlyForDeploymentPostprocessing = 0;
		};
/* End PBXSourcesBuildPhase section */

/* Begin PBXVariantGroup section */
		27D33AF72080565D0035E835 /* Main.storyboard */ = {
			isa = PBXVariantGroup;
			children = (
				27D33AF82080565D0035E835 /* Base */,
			);
			name = Main.storyboard;
			sourceTree = "<group>";
		};
		27D33AFC2080565D0035E835 /* LaunchScreen.storyboard */ = {
			isa = PBXVariantGroup;
			children = (
				27D33AFD2080565D0035E835 /* Base */,
			);
			name = LaunchScreen.storyboard;
			sourceTree = "<group>";
		};
/* End PBXVariantGroup section */

/* Begin XCBuildConfiguration section */
		27D33B022080565D0035E835 /* Debug */ = {
			isa = XCBuildConfiguration;
			buildSettings = {
				ALWAYS_SEARCH_USER_PATHS = NO;
				CLANG_ANALYZER_NONNULL = YES;
				CLANG_ANALYZER_NUMBER_OBJECT_CONVERSION = YES_AGGRESSIVE;
				CLANG_CXX_LANGUAGE_STANDARD = "gnu++14";
				CLANG_CXX_LIBRARY = "libc++";
				CLANG_ENABLE_MODULES = YES;
				CLANG_ENABLE_OBJC_ARC = YES;
				CLANG_WARN_BLOCK_CAPTURE_AUTORELEASING = YES;
				CLANG_WARN_BOOL_CONVERSION = YES;
				CLANG_WARN_COMMA = YES;
				CLANG_WARN_CONSTANT_CONVERSION = YES;
				CLANG_WARN_DIRECT_OBJC_ISA_USAGE = YES_ERROR;
				CLANG_WARN_DOCUMENTATION_COMMENTS = YES;
				CLANG_WARN_EMPTY_BODY = YES;
				CLANG_WARN_ENUM_CONVERSION = YES;
				CLANG_WARN_INFINITE_RECURSION = YES;
				CLANG_WARN_INT_CONVERSION = YES;
				CLANG_WARN_NON_LITERAL_NULL_CONVERSION = YES;
				CLANG_WARN_OBJC_LITERAL_CONVERSION = YES;
				CLANG_WARN_OBJC_ROOT_CLASS = YES_ERROR;
				CLANG_WARN_RANGE_LOOP_ANALYSIS = YES;
				CLANG_WARN_STRICT_PROTOTYPES = YES;
				CLANG_WARN_SUSPICIOUS_MOVE = YES;
				CLANG_WARN_UNGUARDED_AVAILABILITY = YES_AGGRESSIVE;
				CLANG_WARN_UNREACHABLE_CODE = YES;
				CLANG_WARN__DUPLICATE_METHOD_MATCH = YES;
				CODE_SIGN_IDENTITY = "iPhone Developer";
				COPY_PHASE_STRIP = NO;
				DEBUG_INFORMATION_FORMAT = dwarf;
				ENABLE_STRICT_OBJC_MSGSEND = YES;
				ENABLE_TESTABILITY = YES;
				GCC_C_LANGUAGE_STANDARD = gnu11;
				GCC_DYNAMIC_NO_PIC = NO;
				GCC_NO_COMMON_BLOCKS = YES;
				GCC_OPTIMIZATION_LEVEL = 0;
				GCC_PREPROCESSOR_DEFINITIONS = (
					"DEBUG=1",
					"$(inherited)",
				);
				GCC_WARN_64_TO_32_BIT_CONVERSION = YES;
				GCC_WARN_ABOUT_RETURN_TYPE = YES_ERROR;
				GCC_WARN_UNDECLARED_SELECTOR = YES;
				GCC_WARN_UNINITIALIZED_AUTOS = YES_AGGRESSIVE;
				GCC_WARN_UNUSED_FUNCTION = YES;
				GCC_WARN_UNUSED_VARIABLE = YES;
				IPHONEOS_DEPLOYMENT_TARGET = 11.2;
				MTL_ENABLE_DEBUG_INFO = YES;
				ONLY_ACTIVE_ARCH = YES;
				SDKROOT = iphoneos;
			};
			name = Debug;
		};
		27D33B032080565D0035E835 /* Release */ = {
			isa = XCBuildConfiguration;
			buildSettings = {
				ALWAYS_SEARCH_USER_PATHS = NO;
				CLANG_ANALYZER_NONNULL = YES;
				CLANG_ANALYZER_NUMBER_OBJECT_CONVERSION = YES_AGGRESSIVE;
				CLANG_CXX_LANGUAGE_STANDARD = "gnu++14";
				CLANG_CXX_LIBRARY = "libc++";
				CLANG_ENABLE_MODULES = YES;
				CLANG_ENABLE_OBJC_ARC = YES;
				CLANG_WARN_BLOCK_CAPTURE_AUTORELEASING = YES;
				CLANG_WARN_BOOL_CONVERSION = YES;
				CLANG_WARN_COMMA = YES;
				CLANG_WARN_CONSTANT_CONVERSION = YES;
				CLANG_WARN_DIRECT_OBJC_ISA_USAGE = YES_ERROR;
				CLANG_WARN_DOCUMENTATION_COMMENTS = YES;
				CLANG_WARN_EMPTY_BODY = YES;
				CLANG_WARN_ENUM_CONVERSION = YES;
				CLANG_WARN_INFINITE_RECURSION = YES;
				CLANG_WARN_INT_CONVERSION = YES;
				CLANG_WARN_NON_LITERAL_NULL_CONVERSION = YES;
				CLANG_WARN_OBJC_LITERAL_CONVERSION = YES;
				CLANG_WARN_OBJC_ROOT_CLASS = YES_ERROR;
				CLANG_WARN_RANGE_LOOP_ANALYSIS = YES;
				CLANG_WARN_STRICT_PROTOTYPES = YES;
				CLANG_WARN_SUSPICIOUS_MOVE = YES;
				CLANG_WARN_UNGUARDED_AVAILABILITY = YES_AGGRESSIVE;
				CLANG_WARN_UNREACHABLE_CODE = YES;
				CLANG_WARN__DUPLICATE_METHOD_MATCH = YES;
				CODE_SIGN_IDENTITY = "iPhone Developer";
				COPY_PHASE_STRIP = NO;
				DEBUG_INFORMATION_FORMAT = "dwarf-with-dsym";
				ENABLE_NS_ASSERTIONS = NO;
				ENABLE_STRICT_OBJC_MSGSEND = YES;
				GCC_C_LANGUAGE_STANDARD = gnu11;
				GCC_NO_COMMON_BLOCKS = YES;
				GCC_WARN_64_TO_32_BIT_CONVERSION = YES;
				GCC_WARN_ABOUT_RETURN_TYPE = YES_ERROR;
				GCC_WARN_UNDECLARED_SELECTOR = YES;
				GCC_WARN_UNINITIALIZED_AUTOS = YES_AGGRESSIVE;
				GCC_WARN_UNUSED_FUNCTION = YES;
				GCC_WARN_UNUSED_VARIABLE = YES;
				IPHONEOS_DEPLOYMENT_TARGET = 11.2;
				MTL_ENABLE_DEBUG_INFO = NO;
				SDKROOT = iphoneos;
				VALIDATE_PRODUCT = YES;
			};
			name = Release;
		};
		27D33B052080565D0035E835 /* Debug */ = {
			isa = XCBuildConfiguration;
			baseConfigurationReference = CA38BE37FDE516AC50D99209 /* Pods-FCLoopBanner.debug.xcconfig */;
			buildSettings = {
				ASSETCATALOG_COMPILER_APPICON_NAME = AppIcon;
				CODE_SIGN_STYLE = Automatic;
				INFOPLIST_FILE = FCLoopBanner/Info.plist;
				LD_RUNPATH_SEARCH_PATHS = "$(inherited) @executable_path/Frameworks";
				PRODUCT_BUNDLE_IDENTIFIER = xiaofei.FCLoopBanner;
				PRODUCT_NAME = "$(TARGET_NAME)";
				TARGETED_DEVICE_FAMILY = "1,2";
			};
			name = Debug;
		};
		27D33B062080565D0035E835 /* Release */ = {
			isa = XCBuildConfiguration;
			baseConfigurationReference = 3473894366F926576EE31FC9 /* Pods-FCLoopBanner.release.xcconfig */;
			buildSettings = {
				ASSETCATALOG_COMPILER_APPICON_NAME = AppIcon;
				CODE_SIGN_STYLE = Automatic;
				INFOPLIST_FILE = FCLoopBanner/Info.plist;
				LD_RUNPATH_SEARCH_PATHS = "$(inherited) @executable_path/Frameworks";
				PRODUCT_BUNDLE_IDENTIFIER = xiaofei.FCLoopBanner;
				PRODUCT_NAME = "$(TARGET_NAME)";
				TARGETED_DEVICE_FAMILY = "1,2";
			};
			name = Release;
		};
/* End XCBuildConfiguration section */

/* Begin XCConfigurationList section */
		27D33AE92080565D0035E835 /* Build configuration list for PBXProject "FCLoopBanner" */ = {
			isa = XCConfigurationList;
			buildConfigurations = (
				27D33B022080565D0035E835 /* Debug */,
				27D33B032080565D0035E835 /* Release */,
			);
			defaultConfigurationIsVisible = 0;
			defaultConfigurationName = Release;
		};
		27D33B042080565D0035E835 /* Build configuration list for PBXNativeTarget "FCLoopBanner" */ = {
			isa = XCConfigurationList;
			buildConfigurations = (
				27D33B052080565D0035E835 /* Debug */,
				27D33B062080565D0035E835 /* Release */,
			);
			defaultConfigurationIsVisible = 0;
			defaultConfigurationName = Release;
		};
/* End XCConfigurationList section */
	};
	rootObject = 27D33AE62080565D0035E835 /* Project object */;
}
